[[package]]
category = "dev"
description = "An abstract syntax tree for Python with inference support."
name = "astroid"
optional = false
python-versions = ">=3.4.*"
version = "2.1.0"

[package.dependencies]
lazy-object-proxy = "*"
six = "*"
wrapt = "*"

[[package]]
category = "main"
description = "Universal Command Line Environment for AWS."
name = "awscli"
optional = false
python-versions = "*"
version = "1.16.84"

[package.dependencies]
PyYAML = ">=3.10,<=3.13"
botocore = "1.12.74"
colorama = ">=0.2.5,<=0.3.9"
docutils = ">=0.10"
rsa = ">=3.1.2,<=3.5.0"
s3transfer = ">=0.1.12,<0.2.0"

[[package]]
category = "main"
description = "An easy safelist-based HTML-sanitizing tool."
name = "bleach"
optional = false
python-versions = ">=2.7, !=3.0.*, !=3.1.*, !=3.2.*, !=3.3.*"
version = "3.0.2"

[package.dependencies]
six = "*"
webencodings = "*"

[[package]]
category = "main"
description = "Curated lists of tags and attributes for sanitizing html"
name = "bleach-whitelist"
optional = false
python-versions = "*"
version = "0.0.9"

[[package]]
category = "main"
description = "The AWS SDK for Python"
name = "boto3"
optional = false
python-versions = "*"
version = "1.9.74"

[package.dependencies]
botocore = ">=1.12.74,<1.13.0"
jmespath = ">=0.7.1,<1.0.0"
s3transfer = ">=0.1.10,<0.2.0"

[[package]]
category = "main"
description = "Low-level, data-driven core of boto 3."
name = "botocore"
optional = false
python-versions = "*"
version = "1.12.74"

[package.dependencies]
docutils = ">=0.10"
jmespath = ">=0.7.1,<1.0.0"

[package.dependencies.python-dateutil]
python = ">=2.7"
version = ">=2.1,<3.0.0"

[package.dependencies.urllib3]
python = ">=3.4"
version = ">=1.20,<1.25"

[[package]]
category = "dev"
description = "Version-bump your software with a single command!"
name = "bumpversion"
optional = false
python-versions = "*"
version = "0.5.3"

[[package]]
category = "main"
description = "Cross-platform colored terminal text."
name = "colorama"
optional = false
python-versions = "*"
version = "0.3.9"

[[package]]
category = "main"
description = "A high-level Python Web framework that encourages rapid development and clean, pragmatic design."
name = "django"
optional = false
python-versions = ">=3.5"
version = "2.1.5"

[package.dependencies]
pytz = "*"

[[package]]
category = "main"
description = "Extensions to Django for use with MySQL/MariaDB"
name = "django-mysql"
optional = false
python-versions = ">=2.7, !=3.0.*, !=3.1.*, !=3.2.*, !=3.3.*"
version = "2.4.1"

[package.dependencies]
Django = ">=1.8"

[[package]]
category = "main"
description = "Django Amazon S3 file storage."
name = "django-s3-storage"
optional = false
python-versions = "*"
version = "0.12.4"

[package.dependencies]
boto3 = ">=1.4.4,<2"
django = ">=1.7"

[[package]]
category = "main"
description = "Django Standarized Image Field"
name = "django-stdimage"
optional = false
python-versions = "*"
version = "4.0.1"

[package.dependencies]
pillow = ">=2.5"
progressbar2 = ">=3.0.0"

[[package]]
category = "main"
description = "Docutils -- Python Documentation Utilities"
name = "docutils"
optional = false
python-versions = "*"
version = "0.14"

[[package]]
category = "dev"
description = "the modular source code checker: pep8, pyflakes and co"
name = "flake8"
optional = false
python-versions = ">=2.7, !=3.0.*, !=3.1.*, !=3.2.*, !=3.3.*"
version = "3.6.0"

[package.dependencies]
mccabe = ">=0.6.0,<0.7.0"
pycodestyle = ">=2.4.0,<2.5.0"
pyflakes = ">=2.0.0,<2.1.0"
setuptools = ">=30"

[[package]]
category = "main"
description = "WSGI HTTP Server for UNIX"
name = "gunicorn"
optional = false
python-versions = ">=2.6, !=3.0.*, !=3.1.*"
version = "19.9.0"

[[package]]
category = "dev"
description = "Pythonic task execution"
name = "invoke"
optional = false
python-versions = "*"
version = "1.2.0"

[[package]]
category = "dev"
description = "A Python utility / library to sort Python imports."
name = "isort"
optional = false
python-versions = ">=2.7, !=3.0.*, !=3.1.*, !=3.2.*, !=3.3.*"
version = "4.3.4"

[[package]]
category = "main"
description = "JSON Matching Expressions"
name = "jmespath"
optional = false
python-versions = "*"
version = "0.9.3"

[[package]]
category = "dev"
description = "A fast and thorough lazy object proxy."
name = "lazy-object-proxy"
optional = false
python-versions = "*"
version = "1.3.1"

[[package]]
category = "main"
description = "Python implementation of Markdown."
name = "markdown"
optional = false
python-versions = ">=2.7,!=3.0.*,!=3.1.*,!=3.2.*,!=3.3.*"
version = "3.0.1"

[[package]]
category = "dev"
description = "McCabe checker, plugin for flake8"
name = "mccabe"
optional = false
python-versions = "*"
version = "0.6.1"

[[package]]
category = "main"
description = "Python interface to MySQL"
name = "mysqlclient"
optional = false
python-versions = "*"
version = "1.3.14"

[[package]]
category = "main"
description = "Python Imaging Library (Fork)"
name = "pillow"
optional = false
python-versions = ">=2.7, !=3.0.*, !=3.1.*, !=3.2.*, !=3.3.*"
version = "5.4.0"

[[package]]
category = "main"
description = "A Python Progressbar library to provide visual (yet text based) progress to long running operations."
name = "progressbar2"
optional = false
python-versions = "*"
version = "3.39.2"

[package.dependencies]
python-utils = ">=2.3.0"
six = "*"

[[package]]
category = "main"
description = "ASN.1 types and codecs"
name = "pyasn1"
optional = false
python-versions = "*"
version = "0.4.5"

[[package]]
category = "dev"
description = "Python style guide checker"
name = "pycodestyle"
optional = false
python-versions = "*"
version = "2.4.0"

[[package]]
category = "dev"
description = "Python docstring style checker"
name = "pydocstyle"
optional = false
python-versions = "*"
version = "3.0.0"

[package.dependencies]
six = "*"
snowballstemmer = "*"

[[package]]
category = "dev"
description = "passive checker of Python programs"
name = "pyflakes"
optional = false
python-versions = ">=2.7, !=3.0.*, !=3.1.*, !=3.2.*, !=3.3.*"
version = "2.0.0"

[[package]]
category = "main"
description = "Pygments is a syntax highlighting package written in Python."
name = "pygments"
optional = false
python-versions = "*"
version = "2.3.1"

[[package]]
category = "dev"
description = "python code static checker"
name = "pylint"
optional = false
python-versions = ">=3.4.*"
version = "2.2.2"

[package.dependencies]
astroid = ">=2.0.0"
colorama = "*"
isort = ">=4.2.5"
mccabe = "*"

[[package]]
category = "main"
description = "Extensions to the standard Python datetime module"
marker = "python_version >= \"2.7\""
name = "python-dateutil"
optional = false
python-versions = ">=2.7, !=3.0.*, !=3.1.*, !=3.2.*"
version = "2.7.5"

[package.dependencies]
six = ">=1.5"

[[package]]
category = "dev"
description = "Add .env support to your django/flask apps in development and deployments"
name = "python-dotenv"
optional = false
python-versions = "*"
version = "0.9.1"

[[package]]
category = "main"
description = "Python Utils is a module with some convenient utilities not included with the standard Python install"
name = "python-utils"
optional = false
python-versions = "*"
version = "2.3.0"

[package.dependencies]
six = "*"

[[package]]
category = "main"
description = "World timezone definitions, modern and historical"
name = "pytz"
optional = false
python-versions = "*"
version = "2018.7"

[[package]]
category = "main"
description = "YAML parser and emitter for Python"
name = "pyyaml"
optional = false
python-versions = "*"
version = "3.13"

[[package]]
category = "main"
description = "Pure-Python RSA implementation"
name = "rsa"
optional = false
python-versions = "*"
version = "3.4.2"

[package.dependencies]
pyasn1 = ">=0.1.3"

[[package]]
category = "main"
description = "An Amazon S3 Transfer Manager"
name = "s3transfer"
optional = false
python-versions = "*"
version = "0.1.13"

[package.dependencies]
botocore = ">=1.3.0,<2.0.0"

[[package]]
category = "main"
description = "Python 2 and 3 compatibility utilities"
name = "six"
optional = false
python-versions = ">=2.6, !=3.0.*, !=3.1.*"
version = "1.12.0"

[[package]]
category = "dev"
description = "This package provides 16 stemmer algorithms (15 + Poerter English stemmer) generated from Snowball algorithms."
name = "snowballstemmer"
optional = false
python-versions = "*"
version = "1.2.1"

[[package]]
category = "main"
description = "Simple Python wrapper for getting values from AWS Systems Manager Parameter Store"
name = "ssm-parameter-store"
optional = false
python-versions = "*"
version = "18.7.7"

[package.dependencies]
boto3 = "*"

[[package]]
category = "main"
description = "HTTP library with thread-safe connection pooling, file post, and more."
marker = "python_version >= \"3.4\""
name = "urllib3"
optional = false
python-versions = ">=2.7, !=3.0.*, !=3.1.*, !=3.2.*, !=3.3.*, <4"
version = "1.24.1"

[[package]]
category = "main"
description = "Character encoding aliases for legacy web content"
name = "webencodings"
optional = false
python-versions = "*"
version = "0.5.1"

[[package]]
category = "dev"
description = "Module for decorators, wrappers and monkey patching."
name = "wrapt"
optional = false
python-versions = "*"
version = "1.10.11"

[metadata]
content-hash = "e75525cf7bce05daa1215bfdd82ee6666256dd2fc44469fe7d85283f45ffbf1a"
python-versions = "^3.7"

[metadata.hashes]
astroid = ["35b032003d6a863f5dcd7ec11abd5cd5893428beaa31ab164982403bcb311f22", "6a5d668d7dc69110de01cdf7aeec69a679ef486862a0850cc0fd5571505b6b7e"]
awscli = ["4003b883ce892ddb34a7db6d6af67ec7628b7299b02209709ebf65cea1990803", "a4d524d9ab4f26ba970a2c63e0d73d469e83d085300b210a765e72d4627091a2"]
bleach = ["48d39675b80a75f6d1c3bdbffec791cf0bbbab665cf01e20da701c77de278718", "73d26f018af5d5adcdabf5c1c974add4361a9c76af215fe32fdec8a6fc5fb9b9"]
bleach-whitelist = ["74b81d0c8dedec80f845eceaa1d54077b99167532279fbaf883486599e0d82e4"]
boto3 = ["1ed36e390a64d9f45fbcc71f835a43b2fef437cc89d6fd9306c6396b10b8ec29", "db5704a505d8af01cdbc57682797e8b1784a31a37d24a82f4855c270cd5f8b2f"]
botocore = ["0d21a6a163033792c759d8bc03a9267cd00813b3c2136cc626a0a2d0ed7f7cfb", "1af5c692b8af8c6f955af8e2e4daad3186eab382ead24b517006462b0f71cc13"]
bumpversion = ["6744c873dd7aafc24453d8b6a1a0d6d109faf63cd0cd19cb78fd46e74932c77e", "6753d9ff3552013e2130f7bc03c1007e24473b4835952679653fb132367bdd57"]
colorama = ["463f8483208e921368c9f306094eb6f725c6ca42b0f97e313cb5d5512459feda", "48eb22f4f8461b1df5734a074b57042430fb06e1d61bd1e11b078c0fe6d7a1f1"]
django = ["a32c22af23634e1d11425574dce756098e015a165be02e4690179889b207c7a8", "d6393918da830530a9516bbbcbf7f1214c3d733738779f06b0f649f49cc698c3"]
django-mysql = ["4093726c445aa618ced580fb9beb44fc52e76e870a58bff9aa20c83bcd57e906", "ebcd6311df4a16abb47ff9ff6f52423191a22657c74233b49e72d176316905aa"]
django-s3-storage = ["57a6b6ca3efde28b7612d4d9f6f8622c4fdd11aa933e1d9f07a5da722a54eff3"]
django-stdimage = ["243aefd53931b13c7c6f01f9d26ac9a280e8bc8fea705287bc4a50709ea032e7", "74370049325e3dfdbe95e352cb632e3bf9165fec628046caabe7ca782e21b111"]
docutils = ["02aec4bd92ab067f6ff27a38a38a41173bf01bed8f89157768c1573f53e474a6", "51e64ef2ebfb29cae1faa133b3710143496eca21c530f3f71424d77687764274", "7a4bd47eaf6596e1295ecb11361139febe29b084a87bf005bf899f9a42edc3c6"]
flake8 = ["6a35f5b8761f45c5513e3405f110a86bea57982c3b75b766ce7b65217abe1670", "c01f8a3963b3571a8e6bd7a4063359aff90749e160778e03817cd9b71c9e07d2"]
gunicorn = ["aa8e0b40b4157b36a5df5e599f45c9c76d6af43845ba3b3b0efe2c70473c2471", "fa2662097c66f920f53f70621c6c58ca4a3c4d3434205e608e121b5b3b71f4f3"]
invoke = ["4f4de934b15c2276caa4fbc5a3b8a61c0eb0b234f2be1780d2b793321995c2d6", "dc492f8f17a0746e92081aec3f86ae0b4750bf41607ea2ad87e5a7b5705121b7", "eb6f9262d4d25b40330fb21d1e99bf0f85011ccc3526980f8a3eaedd4b43892e"]
isort = ["1153601da39a25b14ddc54955dbbacbb6b2d19135386699e2ad58517953b34af", "b9c40e9750f3d77e6e4d441d8b0266cf555e7cdabdcff33c4fd06366ca761ef8", "ec9ef8f4a9bc6f71eec99e1806bfa2de401650d996c59330782b89a5555c1497"]
jmespath = ["6a81d4c9aa62caf061cb517b4d9ad1dd300374cd4706997aff9cd6aedd61fc64", "f11b4461f425740a1d908e9a3f7365c3d2e569f6ca68a2ff8bc5bcd9676edd63"]
lazy-object-proxy = ["0ce34342b419bd8f018e6666bfef729aec3edf62345a53b537a4dcc115746a33", "1b668120716eb7ee21d8a38815e5eb3bb8211117d9a90b0f8e21722c0758cc39", "209615b0fe4624d79e50220ce3310ca1a9445fd8e6d3572a896e7f9146bbf019", "27bf62cb2b1a2068d443ff7097ee33393f8483b570b475db8ebf7e1cba64f088", "27ea6fd1c02dcc78172a82fc37fcc0992a94e4cecf53cb6d73f11749825bd98b", "2c1b21b44ac9beb0fc848d3993924147ba45c4ebc24be19825e57aabbe74a99e", "2df72ab12046a3496a92476020a1a0abf78b2a7db9ff4dc2036b8dd980203ae6", "320ffd3de9699d3892048baee45ebfbbf9388a7d65d832d7e580243ade426d2b", "50e3b9a464d5d08cc5227413db0d1c4707b6172e4d4d915c1c70e4de0bbff1f5", "5276db7ff62bb7b52f77f1f51ed58850e315154249aceb42e7f4c611f0f847ff", "61a6cf00dcb1a7f0c773ed4acc509cb636af2d6337a08f362413c76b2b47a8dd", "6ae6c4cb59f199d8827c5a07546b2ab7e85d262acaccaacd49b62f53f7c456f7", "7661d401d60d8bf15bb5da39e4dd72f5d764c5aff5a86ef52a042506e3e970ff", "7bd527f36a605c914efca5d3d014170b2cb184723e423d26b1fb2fd9108e264d", "7cb54db3535c8686ea12e9535eb087d32421184eacc6939ef15ef50f83a5e7e2", "7f3a2d740291f7f2c111d86a1c4851b70fb000a6c8883a59660d95ad57b9df35", "81304b7d8e9c824d058087dcb89144842c8e0dea6d281c031f59f0acf66963d4", "933947e8b4fbe617a51528b09851685138b49d511af0b6c0da2539115d6d4514", "94223d7f060301b3a8c09c9b3bc3294b56b2188e7d8179c762a1cda72c979252", "ab3ca49afcb47058393b0122428358d2fbe0408cf99f1b58b295cfeb4ed39109", "bd6292f565ca46dee4e737ebcc20742e3b5be2b01556dafe169f6c65d088875f", "cb924aa3e4a3fb644d0c463cad5bc2572649a6a3f68a7f8e4fbe44aaa6d77e4c", "d0fc7a286feac9077ec52a927fc9fe8fe2fabab95426722be4c953c9a8bede92", "ddc34786490a6e4ec0a855d401034cbd1242ef186c20d79d2166d6a4bd449577", "e34b155e36fa9da7e1b7c738ed7767fc9491a62ec6af70fe9da4a057759edc2d", "e5b9e8f6bda48460b7b143c3821b21b452cb3a835e6bbd5dd33aa0c8d3f5137d", "e81ebf6c5ee9684be8f2c87563880f93eedd56dd2b6146d8a725b50b7e5adb0f", "eb91be369f945f10d3a49f5f9be8b3d0b93a4c2be8f8a5b83b0571b8123e0a7a", "f460d1ceb0e4a5dcb2a652db0904224f367c9b3c1470d5a7683c0480e582468b"]
markdown = ["c00429bd503a47ec88d5e30a751e147dcb4c6889663cd3e2ba0afe858e009baa", "d02e0f9b04c500cde6637c11ad7c72671f359b87b9fe924b2383649d8841db7c"]
mccabe = ["ab8a6258860da4b6677da4bd2fe5dc2c659cff31b3ee4f7f5d64e79735b80d42", "dd8d182285a0fe56bace7f45b5e7d1a6ebcbf524e8f3bd87eb0f125271b8831f"]
mysqlclient = ["062d78953acb23066c0387a8f3bd0ecf946626f599145bb7fd201460e8f773e1", "3981ae9ce545901a36a8b7aed76ed02960a429f75dc53b7ad77fb2f9ab7cd56b", "b3591a00c0366de71d65108627899710d9cfb00e575c4d211aa8de59b1f130c9"]
pillow = ["0b573c490ba47558d972410f9c4b8aad708069890d994407aa37c0ba050190bf", "0cd42fe2d99ec6ce23aaf00947a7b7956ad2ed4b1695fd37545c3b8eae06d95a", "137bed8972089d65da63fb79b4949b0f2b99e9a58f1b494e82be43ba8b0f4226", "13e43028070909115e146bab2f9d3c69f4736efd0133fa2db19e6553bb6dddbb", "14eb2b2e4f2a14f5c89fd0edf55c5af0bf1a40fdf3838d81867f26f131cd557d", "1fc43ce8c4fa3754222cd6831d599ad17ca2fc9868d2fb52f4e5362dfbfaf379", "24ce20ba43daf85db954b4da9a2d4160f08c1b7dfcc4e6da68bebe06244f95bb", "26dfeee23a86dad6277a63d18f61f53b957cb2cd3506dbbd74b88ba2fa65b3b1", "2e0e582942e025cc58f669499a8e0bffde5bcc8d42b65729f294c1dac54e4672", "33eb0d36b01ab832105017e23ad6988061b3f6a9b2d86349e63bc53e03210f7b", "343bb970e9140470e0ca2cf358dafbeba9906594b1bd00617a7224a777e4fa69", "38e312f6641e87daed374dcb75107a3779efad0f3b597a70246359a8c711236d", "3bb8dd3ce101dd8b0b37eaae924a5bb93abb6ffdd034bf68a066a808e11768ab", "3f07da3874f0b085421f1d4f979785131aa9d497501d8610d82f7378b33858f8", "429b2b5ae5f57f8fd9ec2e012c1e7b342ff10f1a8977dc291976b9a3b4c096e1", "4572721de16fdfd01e3dafecda73d29683221918046a6809b61bd9abdfdde3e3", "4a000fdd89d77b6b675de27e1ab91c6fba517c08f19ee83e6716b78930634e04", "4c6c3423827ce6d78f7cfc8caefc8ecf58a69bc2488da95e58f55a4c35b42b53", "4ccbe7cce6156391a3ecf447c79a7d4a1a0ecd3de79bdec9ca5e4f7242a306d1", "4d08034196db41acb7392e4fccfc0448e7a87192c41d3011ad4093eac2c31ffd", "4d19fe659c986412752f68661556a280a8e0306773ec7e0d9237c8f09ea6c8c8", "4d42ee5ad8b1d19b79ab3c37bb267d5049b4cc44ee48e7d3f0f40140b7ad89d1", "5bc0a4a3b807f55610ee8d748287fe2aa1d8a4090c3dc8fe08d95e9e8c9aae93", "6b202b1cb524bc76ed52a7eb0314f4b0a0497c7cceb9a93539b5a25800e1f2b6", "8563b56fa7c34f1606848c2143ea67d27cf225b9726a1b041c3d27cf85e46edc", "86d7421e8803d7bae2e594765c378a867b629d46b32fbfe5ed9fd95b30989feb", "8c3534fae8d759c5a0d14e67085dc27127efe8b38c95854f7dc2618dbfb7cd0c", "8d4bddedcb4ab99131d9705a75720efc48b3d006122dae1a4cc329496ac47c9a", "94b6bcad10c610ff5d58c7f1ccc46210dbfac7f2eab8085a7553ac1512c2c964", "9cb08fba1b7bde4568573384df4632f5844e83c2687f1bd054f615a3b3b26b9b", "a4929c6de9590635c34533609402c9da12b22bfc2feb8c0c4f38c39bab48a9ad", "b0736e21798448cee3e663c0df7a6dfa83d805b3f3a45e67f7457a2f019e5fca", "b291635fd07ce3f12d19cb5b6541530aa3f78407323a5aca331455c84ef39d97", "b669acba91d47395de84c9ca52a7ad393b487e5ae2e20b9b2790b22a57d479fa", "b73abeebfc781681c9c69c86c3abaa715a93af4d80296c21b86711fefd965389", "bba993443921f2d077195b425a3283357f52b07807d53704610c1249d20b183a", "bdf706a93d00547c9443b2654ae424fd54d5dece4bc4333e7035740aeb7a7cea", "c5aa93e55175b9cde95279ccd03c93d218976b376480222d37be41d2c9c54510", "c88bdfdc0f032d7e2be6f01ade359c8262cd8ef251b2984cba0e21e9724a41c1", "cc11fd997d8ad71bb0412e983b711e49639c2ddba9b9dce04d4bdab575fe5f84", "d584f1c33995c3dc16a35e30ef43e0881fa0d085f0fef29cebf154ffb5643363", "d660d06bc62c9e8ecfe2619c7f075c4ebf7ee846bc5edc487e14568ff1de56dc", "d88f54bdefb7ddccb68efdd710d689aa6a09b875cc3e44b7e81ef54e0751e3a7", "de0d323072be72fa4d74f4e013cd594e3f8ee03b2e0eac5876a3249fa076ef7b", "ef4e4e464ae6c6284086192272c5384cc17c72e9d30e64ce0c1f460cf34d9393", "f139c963c6679d236b2c45369524338eabd36a853fe23abd39ba246ab0a75aec", "f41c0bf667c4c1c30b873eaa8d6bb894f6d721b3e38e9c993bddd1263c02fb1f", "fbd0ea468b4ec04270533bf5206f1cd57746fcf226520bb133318fa276de2644", "fe2d2850521c467c915ff0a6e27dc64c3c04c2f66612e0072672bd1bd4854b61", "feb66466fb5bba895891e739ecc355b72915de74db3fc423498da994028ebbb8", "ff7537c22c1964787f1324df3b8192f824576deaa5bca49227b9f7f80112e179"]
progressbar2 = ["570b59a5c60fff31a923ba4eeb10872d6428dd5b084bb1cb7fba786748a096f6", "6eb5135b987caca4212d2c7abc2923d4ad5ba18bb34ccbe7044b3628f52efc2c"]
pyasn1 = ["061442c60842f6d11051d4fdae9bc197b64bd41573a12234a753a0cb80b4f30b", "0ee2449bf4c4e535823acc25624c45a8b454f328d59d3f3eeb82d3567100b9bd", "5f9fb05c33e53b9a6ee3b1ed1d292043f83df465852bec876e93b47fd2df7eed", "65201d28e081f690a32401e6253cca4449ccacc8f3988e811fae66bd822910ee", "79b336b073a52fa3c3d8728e78fa56b7d03138ef59f44084de5f39650265b5ff", "8ec20f61483764de281e0b4aba7d12716189700debcfa9e7935780850bf527f3", "9458d0273f95d035de4c0d5e0643f25daba330582cc71bb554fe6969c015042a", "98d97a1833a29ca61cd04a60414def8f02f406d732f9f0bcb49f769faff1b699", "b00d7bfb6603517e189d1ad76967c7e805139f63e43096e5f871d1277f50aea5", "b06c0cfd708b806ea025426aace45551f91ea7f557e0c2d4fbd9a4b346873ce0", "d14d05984581770333731690f5453efd4b82e1e5d824a1d7976b868a2e5c38e8", "da2420fe13a9452d8ae97a0e478adde1dee153b11ba832a95b223a2ba01c10f7", "da6b43a8c9ae93bc80e2739efb38cc776ba74a886e3e9318d65fe81a8b8a2c6e"]
pycodestyle = ["74abc4e221d393ea5ce1f129ea6903209940c1ecd29e002e8c6933c2b21026e0", "cbc619d09254895b0d12c2c691e237b2e91e9b2ecf5e84c26b35400f93dcfb83", "cbfca99bd594a10f674d0cd97a3d802a1fdef635d4361e1a2658de47ed261e3a"]
pydocstyle = ["2258f9b0df68b97bf3a6c29003edc5238ff8879f1efb6f1999988d934e432bd8", "5741c85e408f9e0ddf873611085e819b809fca90b619f5fd7f34bd4959da3dd4", "ed79d4ec5e92655eccc21eb0c6cf512e69512b4a97d215ace46d17e4990f2039"]
pyflakes = ["9a7662ec724d0120012f6e29d6248ae3727d821bba522a0e6b356eff19126a49", "f661252913bc1dbe7fcfcbf0af0db3f42ab65aabd1a6ca68fe5d466bace94dae"]
pygments = ["5ffada19f6203563680669ee7f53b64dabbeb100eb51b61996085e99c03b284a", "e8218dd399a61674745138520d0d4cf2621d7e032439341bc3f647bff125818d"]
pylint = ["689de29ae747642ab230c6d37be2b969bf75663176658851f456619aacf27492", "771467c434d0d9f081741fec1d64dfb011ed26e65e12a28fe06ca2f61c4d556c"]
python-dateutil = ["063df5763652e21de43de7d9e00ccf239f953a832941e37be541614732cdfc93", "88f9287c0174266bb0d8cedd395cfba9c58e87e5ad86b2ce58859bc11be3cf02"]
python-dotenv = ["122290a38ece9fe4f162dc7c95cae3357b983505830a154d3c98ef7f6c6cea77", "4a205787bc829233de2a823aa328e44fd9996fedb954989a21f1fc67c13d7a77"]
python-utils = ["34aaf26b39b0b86628008f2ae0ac001b30e7986a8d303b61e1357dfcdad4f6d3", "e25f840564554eaded56eaa395bca507b0b9e9f0ae5ecb13a8cb785305c56d25"]
pytz = ["31cb35c89bd7d333cd32c5f278fca91b523b0834369e757f4c5641ea252236ca", "8e0f8568c118d3077b46be7d654cc8167fa916092e28320cde048e54bfc9f1e6"]
pyyaml = ["3d7da3009c0f3e783b2c873687652d83b1bbfd5c88e9813fb7e5b03c0dd3108b", "3ef3092145e9b70e3ddd2c7ad59bdd0252a94dfe3949721633e41344de00a6bf", "40c71b8e076d0550b2e6380bada1f1cd1017b882f7e16f09a65be98e017f211a", "558dd60b890ba8fd982e05941927a3911dc409a63dcb8b634feaa0cda69330d3", "a7c28b45d9f99102fa092bb213aa12e0aaf9a6a1f5e395d36166639c1f96c3a1", "aa7dd4a6a427aed7df6fb7f08a580d68d9b118d90310374716ae90b710280af1", "bc558586e6045763782014934bfaf39d48b8ae85a2713117d16c39864085c613", "d46d7982b62e0729ad0175a9bc7e10a566fc07b224d2c79fafb5e032727eaa04", "d5eef459e30b09f5a098b9cea68bebfeb268697f78d647bd255a085371ac7f3f", "e01d3203230e1786cd91ccfdc8f8454c8069c91bee3962ad93b87a4b2860f537", "e170a9e6fcfd19021dd29845af83bb79236068bf5fd4df3327c1be18182b2531"]
rsa = ["25df4e10c263fb88b5ace923dd84bf9aa7f5019687b5e55382ffcdb8bede9db5", "43f682fea81c452c98d09fc316aae12de6d30c4b5c84226642cf8f8fd1c93abd"]
s3transfer = ["90dc18e028989c609146e241ea153250be451e05ecc0c2832565231dacdf59c1", "c7a9ec356982d5e9ab2d4b46391a7d6a950e2b04c472419f5fdec70cc0ada72f"]
six = ["3350809f0555b11f552448330d0b52d5f24c91a322ea4a15ef22629740f3761c", "d16a0141ec1a18405cd4ce8b4613101da75da0e9a7aec5bdd4fa804d0e0eba73"]
snowballstemmer = ["919f26a68b2c17a7634da993d91339e288964f93c274f1343e3bbbe2096e1128", "9f3bcd3c401c3e862ec0ebe6d2c069ebc012ce142cce209c098ccb5b09136e89"]
ssm-parameter-store = ["19826994b77330abc7933cb201981bf73a5615e7ee0276f5e9fd6bf27c1e8c9f", "60a226ae260aff7e39cef04c1888d94d5bef4aa1030dbaa0ec871f8c0aad5a34"]
urllib3 = ["61bf29cada3fc2fbefad4fdf059ea4bd1b4a86d2b6d15e1c7c0b582b9752fe39", "de9529817c93f27c8ccbfead6985011db27bd0ddfcdb2d86f3f663385c6a9c22"]
webencodings = ["a0af1213f3c2226497a97e2b3aa01a7e4bee4f403f95be16fc9acd2947514a78", "b36a1c245f2d304965eb4e0a82848379241dc04b865afcc4aab16748587e1923"]
wrapt = ["d4d560d479f2c21e1b5443bbd15fe7ec4b37fe7e53d335d3b9b0a7b1226fe3c6"]
