{
    "version": 3,
    "terraform_version": "0.7.11",
    "serial": 29,
    "lineage": "dac49b2a-a918-4528-9d79-dbbaf0e9db2a",
    "modules": [
        {
            "path": [
                "root"
            ],
            "outputs": {},
            "resources": {
                "cloudflare_record.google__domainkey_hyperbo_la_TXT_46408b4e05fccf582ba7cbc654e990b8": {
                    "type": "cloudflare_record",
                    "depends_on": [],
                    "primary": {
                        "id": "46408b4e05fccf582ba7cbc654e990b8",
                        "attributes": {
                            "domain": "hyperbo.la",
                            "hostname": "google._domainkey.hyperbo.la",
                            "id": "46408b4e05fccf582ba7cbc654e990b8",
                            "name": "google._domainkey",
                            "priority": "0",
                            "proxied": "false",
                            "ttl": "1",
                            "type": "TXT",
                            "value": "v=DKIM1; k=rsa; p=MIGfMA0GCSqGSIb3DQEBAQUAA4GNADCBiQKBgQCe13Ua7YllZ2a02Wa33wYFLJRFHO/2JirIBZGpvxpQuc5b6Xw+wlHdTdxYsfwE6+qnUtUNsdPz0MP2y8EhoHxURPtKNKhhxKsm3L03AewBzMlDDBrWKTFBBVaIxnDi61im9DVIIasXw1k6mcfW40WL+He4YgiOYI1IhHZJy+Ex8QIDAQAB",
                            "zone_id": "6c0df090b4795aa6d749b16927680e9d"
                        },
                        "meta": {
                            "schema_version": "1"
                        },
                        "tainted": false
                    },
                    "deposed": [],
                    "provider": ""
                },
                "cloudflare_record.hyperbo_la_MX_27ba48a0e93a5bd8f94ed2899bca69b1": {
                    "type": "cloudflare_record",
                    "depends_on": [],
                    "primary": {
                        "id": "27ba48a0e93a5bd8f94ed2899bca69b1",
                        "attributes": {
                            "domain": "hyperbo.la",
                            "hostname": "hyperbo.la",
                            "id": "27ba48a0e93a5bd8f94ed2899bca69b1",
                            "name": "hyperbo.la",
                            "priority": "1",
                            "proxied": "false",
                            "ttl": "86400",
                            "type": "MX",
                            "value": "aspmx.l.google.com",
                            "zone_id": "6c0df090b4795aa6d749b16927680e9d"
                        },
                        "meta": {
                            "schema_version": "1"
                        },
                        "tainted": false
                    },
                    "deposed": [],
                    "provider": ""
                },
                "cloudflare_record.hyperbo_la_MX_2f1ca08d6b1c599f10e5c2fe5da4f28e": {
                    "type": "cloudflare_record",
                    "depends_on": [],
                    "primary": {
                        "id": "2f1ca08d6b1c599f10e5c2fe5da4f28e",
                        "attributes": {
                            "domain": "hyperbo.la",
                            "hostname": "hyperbo.la",
                            "id": "2f1ca08d6b1c599f10e5c2fe5da4f28e",
                            "name": "hyperbo.la",
                            "priority": "10",
                            "proxied": "false",
                            "ttl": "86400",
                            "type": "MX",
                            "value": "alt4.aspmx.l.google.com",
                            "zone_id": "6c0df090b4795aa6d749b16927680e9d"
                        },
                        "meta": {
                            "schema_version": "1"
                        },
                        "tainted": false
                    },
                    "deposed": [],
                    "provider": ""
                },
                "cloudflare_record.hyperbo_la_MX_644df9106b3c20e18d4661da88a17631": {
                    "type": "cloudflare_record",
                    "depends_on": [],
                    "primary": {
                        "id": "644df9106b3c20e18d4661da88a17631",
                        "attributes": {
                            "domain": "hyperbo.la",
                            "hostname": "hyperbo.la",
                            "id": "644df9106b3c20e18d4661da88a17631",
                            "name": "hyperbo.la",
                            "priority": "10",
                            "proxied": "false",
                            "ttl": "86400",
                            "type": "MX",
                            "value": "alt3.aspmx.l.google.com",
                            "zone_id": "6c0df090b4795aa6d749b16927680e9d"
                        },
                        "meta": {
                            "schema_version": "1"
                        },
                        "tainted": false
                    },
                    "deposed": [],
                    "provider": ""
                },
                "cloudflare_record.hyperbo_la_MX_94ff23d8f35747b75d1ed74326585eff": {
                    "type": "cloudflare_record",
                    "depends_on": [],
                    "primary": {
                        "id": "94ff23d8f35747b75d1ed74326585eff",
                        "attributes": {
                            "domain": "hyperbo.la",
                            "hostname": "hyperbo.la",
                            "id": "94ff23d8f35747b75d1ed74326585eff",
                            "name": "hyperbo.la",
                            "priority": "5",
                            "proxied": "false",
                            "ttl": "86400",
                            "type": "MX",
                            "value": "alt2.aspmx.l.google.com",
                            "zone_id": "6c0df090b4795aa6d749b16927680e9d"
                        },
                        "meta": {
                            "schema_version": "1"
                        },
                        "tainted": false
                    },
                    "deposed": [],
                    "provider": ""
                },
                "cloudflare_record.hyperbo_la_MX_c3e2f533bb53628ad23142348b227715": {
                    "type": "cloudflare_record",
                    "depends_on": [],
                    "primary": {
                        "id": "c3e2f533bb53628ad23142348b227715",
                        "attributes": {
                            "domain": "hyperbo.la",
                            "hostname": "hyperbo.la",
                            "id": "c3e2f533bb53628ad23142348b227715",
                            "name": "hyperbo.la",
                            "priority": "5",
                            "proxied": "false",
                            "ttl": "86400",
                            "type": "MX",
                            "value": "alt1.aspmx.l.google.com",
                            "zone_id": "6c0df090b4795aa6d749b16927680e9d"
                        },
                        "meta": {
                            "schema_version": "1"
                        },
                        "tainted": false
                    },
                    "deposed": [],
                    "provider": ""
                },
                "cloudflare_record.hyperbo_la_TXT_2653c05d33719a5239823637e219fff6": {
                    "type": "cloudflare_record",
                    "depends_on": [],
                    "primary": {
                        "id": "2653c05d33719a5239823637e219fff6",
                        "attributes": {
                            "domain": "hyperbo.la",
                            "hostname": "hyperbo.la",
                            "id": "2653c05d33719a5239823637e219fff6",
                            "name": "hyperbo.la",
                            "priority": "0",
                            "proxied": "false",
                            "ttl": "1",
                            "type": "TXT",
                            "value": "google-site-verification=vBbksaHJiPR9xr5eyVdQdvvIixg9di8BLwku3Sr1KCU",
                            "zone_id": "6c0df090b4795aa6d749b16927680e9d"
                        },
                        "meta": {
                            "schema_version": "1"
                        },
                        "tainted": false
                    },
                    "deposed": [],
                    "provider": ""
                },
                "cloudflare_record.hyperbo_la_TXT_49a78f709a217accef2d8db24573bdc5": {
                    "type": "cloudflare_record",
                    "depends_on": [],
                    "primary": {
                        "id": "49a78f709a217accef2d8db24573bdc5",
                        "attributes": {
                            "domain": "hyperbo.la",
                            "hostname": "hyperbo.la",
                            "id": "49a78f709a217accef2d8db24573bdc5",
                            "name": "hyperbo.la",
                            "priority": "0",
                            "proxied": "false",
                            "ttl": "1",
                            "type": "TXT",
                            "value": "v=spf1 include:_spf.google.com ~all",
                            "zone_id": "6c0df090b4795aa6d749b16927680e9d"
                        },
                        "meta": {
                            "schema_version": "1"
                        },
                        "tainted": false
                    },
                    "deposed": [],
                    "provider": ""
                },
                "cloudflare_record.hyperbola1_dc_hyperbo_la_A": {
                    "type": "cloudflare_record",
                    "depends_on": [],
                    "primary": {
                        "id": "39ddc02372a432350e02a97bdfcb1eb0",
                        "attributes": {
                            "domain": "hyperbo.la",
                            "hostname": "hyperbola1.dc.hyperbo.la",
                            "id": "39ddc02372a432350e02a97bdfcb1eb0",
                            "name": "hyperbola1.dc",
                            "priority": "0",
                            "proxied": "false",
                            "ttl": "1",
                            "type": "A",
                            "value": "173.255.236.117",
                            "zone_id": "6c0df090b4795aa6d749b16927680e9d"
                        },
                        "meta": {
                            "schema_version": "1"
                        },
                        "tainted": false
                    },
                    "deposed": [],
                    "provider": ""
                },
                "cloudflare_record.hyperbola2_dc_hyperbo_la_A": {
                    "type": "cloudflare_record",
                    "depends_on": [],
                    "primary": {
                        "id": "f519cf87474a6530fd757cbbb0df6a86",
                        "attributes": {
                            "domain": "hyperbo.la",
                            "hostname": "hyperbola2.dc.hyperbo.la",
                            "id": "f519cf87474a6530fd757cbbb0df6a86",
                            "name": "hyperbola2.dc",
                            "priority": "0",
                            "proxied": "false",
                            "ttl": "1",
                            "type": "A",
                            "value": "45.33.89.210",
                            "zone_id": "6c0df090b4795aa6d749b16927680e9d"
                        },
                        "meta": {
                            "schema_version": "1"
                        },
                        "tainted": false
                    },
                    "deposed": [],
                    "provider": ""
                },
                "cloudflare_record.hyperbola3_dc_hyperbo_la_A": {
                    "type": "cloudflare_record",
                    "depends_on": [],
                    "primary": {
                        "id": "d41c0f562ed376a61f284e13cac746eb",
                        "attributes": {
                            "domain": "hyperbo.la",
                            "hostname": "hyperbola3.dc.hyperbo.la",
                            "id": "d41c0f562ed376a61f284e13cac746eb",
                            "name": "hyperbola3.dc",
                            "priority": "0",
                            "proxied": "false",
                            "ttl": "1",
                            "type": "A",
                            "value": "69.164.208.10",
                            "zone_id": "6c0df090b4795aa6d749b16927680e9d"
                        },
                        "meta": {
                            "schema_version": "1"
                        },
                        "tainted": false
                    },
                    "deposed": [],
                    "provider": ""
                }
            },
            "depends_on": []
        },
        {
            "path": [
                "root",
                "hyperbola-app"
            ],
            "outputs": {},
            "resources": {
                "cloudflare_record.hyperbo_la_A": {
                    "type": "cloudflare_record",
                    "depends_on": [],
                    "primary": {
                        "id": "12710af5bc796e3abd959452dc760df7",
                        "attributes": {
                            "domain": "hyperbo.la",
                            "hostname": "hyperbo.la",
                            "id": "12710af5bc796e3abd959452dc760df7",
                            "name": "hyperbo.la",
                            "priority": "0",
                            "proxied": "false",
                            "ttl": "1",
                            "type": "A",
                            "value": "69.164.208.10",
                            "zone_id": "6c0df090b4795aa6d749b16927680e9d"
                        },
                        "meta": {
                            "schema_version": "1"
                        },
                        "tainted": false
                    },
                    "deposed": [],
                    "provider": ""
                },
                "cloudflare_record.hyperbo_la_AAAA": {
                    "type": "cloudflare_record",
                    "depends_on": [],
                    "primary": {
                        "id": "ef7cb42375f56c0a48cacbd3fe06a32b",
                        "attributes": {
                            "domain": "hyperbo.la",
                            "hostname": "hyperbo.la",
                            "id": "ef7cb42375f56c0a48cacbd3fe06a32b",
                            "name": "hyperbo.la",
                            "priority": "0",
                            "proxied": "false",
                            "ttl": "1",
                            "type": "AAAA",
                            "value": "2600:3c03::f03c:91ff:fe2c:b8c8",
                            "zone_id": "6c0df090b4795aa6d749b16927680e9d"
                        },
                        "meta": {
                            "schema_version": "1"
                        },
                        "tainted": false
                    },
                    "deposed": [],
                    "provider": ""
                },
                "cloudflare_record.staging_hyperbo_la_A": {
                    "type": "cloudflare_record",
                    "depends_on": [],
                    "primary": {
                        "id": "1157101a5829c21919bdee6805ff288f",
                        "attributes": {
                            "domain": "hyperbo.la",
                            "hostname": "staging.hyperbo.la",
                            "id": "1157101a5829c21919bdee6805ff288f",
                            "name": "staging",
                            "priority": "0",
                            "proxied": "false",
                            "ttl": "1",
                            "type": "A",
                            "value": "69.164.208.10",
                            "zone_id": "6c0df090b4795aa6d749b16927680e9d"
                        },
                        "meta": {
                            "schema_version": "1"
                        },
                        "tainted": false
                    },
                    "deposed": [],
                    "provider": ""
                },
                "cloudflare_record.staging_hyperbo_la_AAAA": {
                    "type": "cloudflare_record",
                    "depends_on": [],
                    "primary": {
                        "id": "6e30c87a7a21d77cbdfa4e2d1e8013d2",
                        "attributes": {
                            "domain": "hyperbo.la",
                            "hostname": "staging.hyperbo.la",
                            "id": "6e30c87a7a21d77cbdfa4e2d1e8013d2",
                            "name": "staging",
                            "priority": "0",
                            "proxied": "false",
                            "ttl": "1",
                            "type": "AAAA",
                            "value": "2600:3c03::f03c:91ff:fe2c:b8c8",
                            "zone_id": "6c0df090b4795aa6d749b16927680e9d"
                        },
                        "meta": {
                            "schema_version": "1"
                        },
                        "tainted": false
                    },
                    "deposed": [],
                    "provider": ""
                },
                "cloudflare_record.www_hyperbo_la_A": {
                    "type": "cloudflare_record",
                    "depends_on": [],
                    "primary": {
                        "id": "65dc192691cc6fe6ca5677342db5920c",
                        "attributes": {
                            "domain": "hyperbo.la",
                            "hostname": "www.hyperbo.la",
                            "id": "65dc192691cc6fe6ca5677342db5920c",
                            "name": "www",
                            "priority": "0",
                            "proxied": "false",
                            "ttl": "1",
                            "type": "A",
                            "value": "69.164.208.10",
                            "zone_id": "6c0df090b4795aa6d749b16927680e9d"
                        },
                        "meta": {
                            "schema_version": "1"
                        },
                        "tainted": false
                    },
                    "deposed": [],
                    "provider": ""
                },
                "cloudflare_record.www_hyperbo_la_AAAA": {
                    "type": "cloudflare_record",
                    "depends_on": [],
                    "primary": {
                        "id": "d992aa9197af78d6a25b02d0ffcb187d",
                        "attributes": {
                            "domain": "hyperbo.la",
                            "hostname": "www.hyperbo.la",
                            "id": "d992aa9197af78d6a25b02d0ffcb187d",
                            "name": "www",
                            "priority": "0",
                            "proxied": "false",
                            "ttl": "1",
                            "type": "AAAA",
                            "value": "2600:3c03::f03c:91ff:fe2c:b8c8",
                            "zone_id": "6c0df090b4795aa6d749b16927680e9d"
                        },
                        "meta": {
                            "schema_version": "1"
                        },
                        "tainted": false
                    },
                    "deposed": [],
                    "provider": ""
                }
            },
            "depends_on": []
        },
        {
            "path": [
                "root",
                "hyperbola-cdn"
            ],
            "outputs": {},
            "resources": {
                "cloudflare_record.hyperbolacdn_com_A": {
                    "type": "cloudflare_record",
                    "depends_on": [],
                    "primary": {
                        "id": "7eb93d0737971525b0abd6e37451725d",
                        "attributes": {
                            "domain": "hyperbolacdn.com",
                            "hostname": "hyperbolacdn.com",
                            "id": "7eb93d0737971525b0abd6e37451725d",
                            "name": "hyperbolacdn.com",
                            "priority": "0",
                            "proxied": "true",
                            "ttl": "1",
                            "type": "A",
                            "value": "69.164.208.10",
                            "zone_id": "80c851e9220354776431993ea01fb172"
                        },
                        "meta": {
                            "schema_version": "1"
                        },
                        "tainted": false
                    },
                    "deposed": [],
                    "provider": ""
                },
                "cloudflare_record.hyperbolacdn_com_AAAA": {
                    "type": "cloudflare_record",
                    "depends_on": [],
                    "primary": {
                        "id": "defca4671c0f166cb631af1d03c1b748",
                        "attributes": {
                            "domain": "hyperbolacdn.com",
                            "hostname": "hyperbolacdn.com",
                            "id": "defca4671c0f166cb631af1d03c1b748",
                            "name": "hyperbolacdn.com",
                            "priority": "0",
                            "proxied": "true",
                            "ttl": "1",
                            "type": "AAAA",
                            "value": "2600:3c03::f03c:91ff:fe2c:b8c8",
                            "zone_id": "80c851e9220354776431993ea01fb172"
                        },
                        "meta": {
                            "schema_version": "1"
                        },
                        "tainted": false
                    },
                    "deposed": [],
                    "provider": ""
                },
                "cloudflare_record.www_hyperbolacdn_com_A": {
                    "type": "cloudflare_record",
                    "depends_on": [],
                    "primary": {
                        "id": "c26a1de0b62e4fcb065022d521d343fc",
                        "attributes": {
                            "domain": "hyperbolacdn.com",
                            "hostname": "www.hyperbolacdn.com",
                            "id": "c26a1de0b62e4fcb065022d521d343fc",
                            "name": "www",
                            "priority": "0",
                            "proxied": "true",
                            "ttl": "1",
                            "type": "A",
                            "value": "69.164.208.10",
                            "zone_id": "80c851e9220354776431993ea01fb172"
                        },
                        "meta": {
                            "schema_version": "1"
                        },
                        "tainted": false
                    },
                    "deposed": [],
                    "provider": ""
                },
                "cloudflare_record.www_hyperbolacdn_com_AAAA": {
                    "type": "cloudflare_record",
                    "depends_on": [],
                    "primary": {
                        "id": "c6d8b1f3bef4f21c45f38dfce0c0d886",
                        "attributes": {
                            "domain": "hyperbolacdn.com",
                            "hostname": "www.hyperbolacdn.com",
                            "id": "c6d8b1f3bef4f21c45f38dfce0c0d886",
                            "name": "www",
                            "priority": "0",
                            "proxied": "true",
                            "ttl": "1",
                            "type": "AAAA",
                            "value": "2600:3c03::f03c:91ff:fe2c:b8c8",
                            "zone_id": "80c851e9220354776431993ea01fb172"
                        },
                        "meta": {
                            "schema_version": "1"
                        },
                        "tainted": false
                    },
                    "deposed": [],
                    "provider": ""
                }
            },
            "depends_on": []
        },
        {
            "path": [
                "root",
                "hyperbola-wiki"
            ],
            "outputs": {},
            "resources": {
                "cloudflare_record.wiki_hyperbo_la_A": {
                    "type": "cloudflare_record",
                    "depends_on": [],
                    "primary": {
                        "id": "001c1f16b0e297e9f7ddc8649c42caec",
                        "attributes": {
                            "domain": "hyperbo.la",
                            "hostname": "wiki.hyperbo.la",
                            "id": "001c1f16b0e297e9f7ddc8649c42caec",
                            "name": "wiki",
                            "priority": "0",
                            "proxied": "false",
                            "ttl": "1",
                            "type": "A",
                            "value": "45.33.89.210",
                            "zone_id": "6c0df090b4795aa6d749b16927680e9d"
                        },
                        "meta": {
                            "schema_version": "1"
                        },
                        "tainted": false
                    },
                    "deposed": [],
                    "provider": ""
                },
                "cloudflare_record.wiki_hyperbo_la_AAAA": {
                    "type": "cloudflare_record",
                    "depends_on": [],
                    "primary": {
                        "id": "dd38fbcf544987b22edc5f193d53a4f0",
                        "attributes": {
                            "domain": "hyperbo.la",
                            "hostname": "wiki.hyperbo.la",
                            "id": "dd38fbcf544987b22edc5f193d53a4f0",
                            "name": "wiki",
                            "priority": "0",
                            "proxied": "false",
                            "ttl": "1",
                            "type": "AAAA",
                            "value": "2600:3c03::f03c:91ff:fe0a:ec23",
                            "zone_id": "6c0df090b4795aa6d749b16927680e9d"
                        },
                        "meta": {
                            "schema_version": "1"
                        },
                        "tainted": false
                    },
                    "deposed": [],
                    "provider": ""
                },
                "cloudflare_record.wiki_local_hyperbo_la_A": {
                    "type": "cloudflare_record",
                    "depends_on": [],
                    "primary": {
                        "id": "b776cdd040c75fc9d3335ec9fe6a40f0",
                        "attributes": {
                            "domain": "hyperbo.la",
                            "hostname": "wiki.local.hyperbo.la",
                            "id": "b776cdd040c75fc9d3335ec9fe6a40f0",
                            "name": "wiki.local",
                            "priority": "0",
                            "proxied": "false",
                            "ttl": "1",
                            "type": "A",
                            "value": "192.168.10.10",
                            "zone_id": "6c0df090b4795aa6d749b16927680e9d"
                        },
                        "meta": {
                            "schema_version": "1"
                        },
                        "tainted": false
                    },
                    "deposed": [],
                    "provider": ""
                }
            },
            "depends_on": []
        }
    ]
}
